github.com/arandu-io/framework v0.28.0 h1:cXmCqCoZUiM6RnbK/jEuMsW+ZrRm6XEGiWRS+qqyuFA=
github.com/arandu-io/framework v0.28.0/go.mod h1:AvdQtBmsLBou6zOvG3YIu/+MvmC0CXBAWURTLJxFGQU=
github.com/arandu-io/hesape v0.6.0 h1:xEXpCCJnCo+QBMr7K4kh/xUf+tdsfGrWnxV2h59EYLI=
github.com/arandu-io/hesape v0.6.0/go.mod h1:4gen5S5dLVIeyiltJmbQb10ZM9/PMY8EMKHz72OSxGA=
golang.org/x/crypto v0.53.0 h1:QZ4Muo8THX6CizN2vPPd5fBGHyogrdK9fG4wLPFUsto=
golang.org/x/crypto v0.53.0/go.mod h1:DNLU434OwVakk9PzuwV8w62mAJpRJL3vsgcfp4Qnsio=
golang.org/x/sys v0.46.0 h1:noSf2Fq6F8DBgS+LysIkx7rIExoNHJsxOAtPp4rthXw=
golang.org/x/sys v0.46.0/go.mod h1:4GL1E5IUh+htKOUEOaiffhrAeqysfVGipDYzABqnCmw=
