github.com/arandu-io/framework v0.24.0 h1:QmRdZbKbWNUJfcNF3hFDRfcpplcnmci5WT3zEgWCvJ0=
github.com/arandu-io/framework v0.24.0/go.mod h1:c0r4p08puM7BwQ4NJg4M/Yjf5ECeYeheis0F+j6a7X8=
github.com/arandu-io/framework v0.24.1 h1:TSzGGy5NULLM7nXCclGWaTWiJx9eIR8U6TDv+f4e/vI=
github.com/arandu-io/framework v0.24.1/go.mod h1:c0r4p08puM7BwQ4NJg4M/Yjf5ECeYeheis0F+j6a7X8=
github.com/arandu-io/framework v0.25.0 h1:yeLOiRWC4WKS8mBKgkHKun2rvzmRkLx6Pk+GtAUicsA=
github.com/arandu-io/framework v0.25.0/go.mod h1:c0r4p08puM7BwQ4NJg4M/Yjf5ECeYeheis0F+j6a7X8=
github.com/arandu-io/framework v0.25.1 h1:XLl/eSX3s2lumvwHFBTuTYrjbxA6Glvuh+TyQeBDdzI=
github.com/arandu-io/framework v0.25.1/go.mod h1:c0r4p08puM7BwQ4NJg4M/Yjf5ECeYeheis0F+j6a7X8=
github.com/arandu-io/framework v0.25.2 h1:4kiUkDcDC3IsUW/tmGZxTCUOO4ZGnm7VKpWPLKqXyUo=
github.com/arandu-io/framework v0.25.2/go.mod h1:c0r4p08puM7BwQ4NJg4M/Yjf5ECeYeheis0F+j6a7X8=
github.com/arandu-io/framework v0.25.3 h1:ih5t+oMUJ+vkSJo+E6g/vossvkkO7fct27PiKkqXiAI=
github.com/arandu-io/framework v0.25.3/go.mod h1:c0r4p08puM7BwQ4NJg4M/Yjf5ECeYeheis0F+j6a7X8=
github.com/arandu-io/framework v0.25.4 h1:q786eDC0JVgWdUNoQt0xLoTQc8Q+iovUT8z1HatpFgk=
github.com/arandu-io/framework v0.25.4/go.mod h1:c0r4p08puM7BwQ4NJg4M/Yjf5ECeYeheis0F+j6a7X8=
golang.org/x/crypto v0.31.0 h1:ihbySMvVjLAeSH1IbfcRTkD/iNscyz8rGzjF/E5hV6U=
golang.org/x/crypto v0.31.0/go.mod h1:kDsLvtWBEx7MV9tJOj9bnXsPbxwJQ6csT/x4KIN4Ssk=
golang.org/x/sys v0.28.0 h1:Fksou7UEQUWlKvIdsqzJmUmCX3cZuD2+P3XyyzwMhlA=
golang.org/x/sys v0.28.0/go.mod h1:/VUhepiaJMQUp4+oa/7Zr1D23ma6VTLIYjOOTFZPUcA=
